
Microsoft Visual Studio Solution File, Format Version 12.00
# Visual Studio Version 16
VisualStudioVersion = 16.0.31911.196
MinimumVisualStudioVersion = 10.0.40219.1
Project("{9A19103F-16F7-4668-BE54-9A1E7A4F7556}") = "01. Number Pyramid", "NestedLoops-Exercises\01. Number Pyramid.csproj", "{529451B8-0341-499B-A17B-F012E10A95E7}"
EndProject
Project("{9A19103F-16F7-4668-BE54-9A1E7A4F7556}") = "02. Equal Sums Even Odd Position", "02. Equal Sums Even Odd Position\02. Equal Sums Even Odd Position.csproj", "{BC3D3702-2832-46DC-A279-65189BABA4B5}"
EndProject
Project("{9A19103F-16F7-4668-BE54-9A1E7A4F7556}") = "03. Sum Prime Non Prime", "03. Sum Prime Non Prime\03. Sum Prime Non Prime.csproj", "{9A3BAC45-1D85-44EE-9967-79B16BBCCD57}"
EndProject
Project("{9A19103F-16F7-4668-BE54-9A1E7A4F7556}") = "04. Train The Trainers", "04. Train The Trainers\04. Train The Trainers.csproj", "{8931F918-2F8D-40C6-9124-9168C79B25D2}"
EndProject
Project("{9A19103F-16F7-4668-BE54-9A1E7A4F7556}") = "05. SpecialNumbers", "05. SpecialNumbers\05. SpecialNumbers.csproj", "{D84FB79F-B7BF-4859-BC71-8B11E62CFFFB}"
EndProject
Project("{9A19103F-16F7-4668-BE54-9A1E7A4F7556}") = "06. Bileti za kino", "06. CinemaTickets\06. Bileti za kino.csproj", "{D3BD1B59-B700-4D1A-83FE-24BA4125E65B}"
EndProject
Project("{FAE04EC0-301F-11D3-BF4B-00C04F79EFBC}") = "ConsoleApp1", "ConsoleApp1\ConsoleApp1.csproj", "{94DF0A22-F7B5-455F-8C4C-EB138648C068}"
EndProject
Global
	GlobalSection(SolutionConfigurationPlatforms) = preSolution
		Debug|Any CPU = Debug|Any CPU
		Release|Any CPU = Release|Any CPU
	EndGlobalSection
	GlobalSection(ProjectConfigurationPlatforms) = postSolution
		{529451B8-0341-499B-A17B-F012E10A95E7}.Debug|Any CPU.ActiveCfg = Debug|Any CPU
		{529451B8-0341-499B-A17B-F012E10A95E7}.Debug|Any CPU.Build.0 = Debug|Any CPU
		{529451B8-0341-499B-A17B-F012E10A95E7}.Release|Any CPU.ActiveCfg = Release|Any CPU
		{529451B8-0341-499B-A17B-F012E10A95E7}.Release|Any CPU.Build.0 = Release|Any CPU
		{BC3D3702-2832-46DC-A279-65189BABA4B5}.Debug|Any CPU.ActiveCfg = Debug|Any CPU
		{BC3D3702-2832-46DC-A279-65189BABA4B5}.Debug|Any CPU.Build.0 = Debug|Any CPU
		{BC3D3702-2832-46DC-A279-65189BABA4B5}.Release|Any CPU.ActiveCfg = Release|Any CPU
		{BC3D3702-2832-46DC-A279-65189BABA4B5}.Release|Any CPU.Build.0 = Release|Any CPU
		{9A3BAC45-1D85-44EE-9967-79B16BBCCD57}.Debug|Any CPU.ActiveCfg = Debug|Any CPU
		{9A3BAC45-1D85-44EE-9967-79B16BBCCD57}.Debug|Any CPU.Build.0 = Debug|Any CPU
		{9A3BAC45-1D85-44EE-9967-79B16BBCCD57}.Release|Any CPU.ActiveCfg = Release|Any CPU
		{9A3BAC45-1D85-44EE-9967-79B16BBCCD57}.Release|Any CPU.Build.0 = Release|Any CPU
		{8931F918-2F8D-40C6-9124-9168C79B25D2}.Debug|Any CPU.ActiveCfg = Debug|Any CPU
		{8931F918-2F8D-40C6-9124-9168C79B25D2}.Debug|Any CPU.Build.0 = Debug|Any CPU
		{8931F918-2F8D-40C6-9124-9168C79B25D2}.Release|Any CPU.ActiveCfg = Release|Any CPU
		{8931F918-2F8D-40C6-9124-9168C79B25D2}.Release|Any CPU.Build.0 = Release|Any CPU
		{D84FB79F-B7BF-4859-BC71-8B11E62CFFFB}.Debug|Any CPU.ActiveCfg = Debug|Any CPU
		{D84FB79F-B7BF-4859-BC71-8B11E62CFFFB}.Debug|Any CPU.Build.0 = Debug|Any CPU
		{D84FB79F-B7BF-4859-BC71-8B11E62CFFFB}.Release|Any CPU.ActiveCfg = Release|Any CPU
		{D84FB79F-B7BF-4859-BC71-8B11E62CFFFB}.Release|Any CPU.Build.0 = Release|Any CPU
		{D3BD1B59-B700-4D1A-83FE-24BA4125E65B}.Debug|Any CPU.ActiveCfg = Debug|Any CPU
		{D3BD1B59-B700-4D1A-83FE-24BA4125E65B}.Debug|Any CPU.Build.0 = Debug|Any CPU
		{D3BD1B59-B700-4D1A-83FE-24BA4125E65B}.Release|Any CPU.ActiveCfg = Release|Any CPU
		{D3BD1B59-B700-4D1A-83FE-24BA4125E65B}.Release|Any CPU.Build.0 = Release|Any CPU
		{94DF0A22-F7B5-455F-8C4C-EB138648C068}.Debug|Any CPU.ActiveCfg = Debug|Any CPU
		{94DF0A22-F7B5-455F-8C4C-EB138648C068}.Debug|Any CPU.Build.0 = Debug|Any CPU
		{94DF0A22-F7B5-455F-8C4C-EB138648C068}.Release|Any CPU.ActiveCfg = Release|Any CPU
		{94DF0A22-F7B5-455F-8C4C-EB138648C068}.Release|Any CPU.Build.0 = Release|Any CPU
	EndGlobalSection
	GlobalSection(SolutionProperties) = preSolution
		HideSolutionNode = FALSE
	EndGlobalSection
	GlobalSection(ExtensibilityGlobals) = postSolution
		SolutionGuid = {0E9E7F0A-7E71-4FBE-B031-08FD75B97EFD}
	EndGlobalSection
EndGlobal
