
Microsoft Visual Studio Solution File, Format Version 12.00
# Visual Studio Version 16
VisualStudioVersion = 16.0.31911.196
MinimumVisualStudioVersion = 10.0.40219.1
Project("{9A19103F-16F7-4668-BE54-9A1E7A4F7556}") = "01. NumbersEndingIn7", "For-loop - More Exercises\01. NumbersEndingIn7.csproj", "{5D13B4C9-4B68-43C5-BD06-CFDDB75D265E}"
EndProject
Project("{9A19103F-16F7-4668-BE54-9A1E7A4F7556}") = "02. HalfSumElement", "02. HalfSumElement\02. HalfSumElement.csproj", "{2D8544BE-4041-4C31-A0E3-44E3A090A37F}"
EndProject
Project("{9A19103F-16F7-4668-BE54-9A1E7A4F7556}") = "03. Histogram", "03. Histogram\03. Histogram.csproj", "{634767FA-180F-42A2-BB91-A40C0764E543}"
EndProject
Project("{FAE04EC0-301F-11D3-BF4B-00C04F79EFBC}") = "04. Clever Lily", "04. Clever Lily\04. Clever Lily.csproj", "{4C1882B9-5CEE-441D-87B3-923E86A56F5A}"
EndProject
Project("{FAE04EC0-301F-11D3-BF4B-00C04F79EFBC}") = "05. Salary", "05. Salary\05. Salary.csproj", "{90FBA399-A56F-4A42-BFCE-427D55D915F9}"
EndProject
Project("{FAE04EC0-301F-11D3-BF4B-00C04F79EFBC}") = "06. Oscars", "06. Oscars\06. Oscars.csproj", "{231ABB6F-D58C-4EBE-86B9-F30B34916CAC}"
EndProject
Project("{FAE04EC0-301F-11D3-BF4B-00C04F79EFBC}") = "07. TrekkingMania", "07. TrekkingMania\07. TrekkingMania.csproj", "{7FEF4A3E-F55B-40A7-BBD9-0E29B0E96B3C}"
EndProject
Project("{FAE04EC0-301F-11D3-BF4B-00C04F79EFBC}") = "08. Tennis Ranklist", "08. Tennis Ranklist\08. Tennis Ranklist.csproj", "{EDEAAC87-C955-46A7-B239-72074CFE7CBF}"
EndProject
Global
	GlobalSection(SolutionConfigurationPlatforms) = preSolution
		Debug|Any CPU = Debug|Any CPU
		Release|Any CPU = Release|Any CPU
	EndGlobalSection
	GlobalSection(ProjectConfigurationPlatforms) = postSolution
		{5D13B4C9-4B68-43C5-BD06-CFDDB75D265E}.Debug|Any CPU.ActiveCfg = Debug|Any CPU
		{5D13B4C9-4B68-43C5-BD06-CFDDB75D265E}.Debug|Any CPU.Build.0 = Debug|Any CPU
		{5D13B4C9-4B68-43C5-BD06-CFDDB75D265E}.Release|Any CPU.ActiveCfg = Release|Any CPU
		{5D13B4C9-4B68-43C5-BD06-CFDDB75D265E}.Release|Any CPU.Build.0 = Release|Any CPU
		{2D8544BE-4041-4C31-A0E3-44E3A090A37F}.Debug|Any CPU.ActiveCfg = Debug|Any CPU
		{2D8544BE-4041-4C31-A0E3-44E3A090A37F}.Debug|Any CPU.Build.0 = Debug|Any CPU
		{2D8544BE-4041-4C31-A0E3-44E3A090A37F}.Release|Any CPU.ActiveCfg = Release|Any CPU
		{2D8544BE-4041-4C31-A0E3-44E3A090A37F}.Release|Any CPU.Build.0 = Release|Any CPU
		{634767FA-180F-42A2-BB91-A40C0764E543}.Debug|Any CPU.ActiveCfg = Debug|Any CPU
		{634767FA-180F-42A2-BB91-A40C0764E543}.Debug|Any CPU.Build.0 = Debug|Any CPU
		{634767FA-180F-42A2-BB91-A40C0764E543}.Release|Any CPU.ActiveCfg = Release|Any CPU
		{634767FA-180F-42A2-BB91-A40C0764E543}.Release|Any CPU.Build.0 = Release|Any CPU
		{4C1882B9-5CEE-441D-87B3-923E86A56F5A}.Debug|Any CPU.ActiveCfg = Debug|Any CPU
		{4C1882B9-5CEE-441D-87B3-923E86A56F5A}.Debug|Any CPU.Build.0 = Debug|Any CPU
		{4C1882B9-5CEE-441D-87B3-923E86A56F5A}.Release|Any CPU.ActiveCfg = Release|Any CPU
		{4C1882B9-5CEE-441D-87B3-923E86A56F5A}.Release|Any CPU.Build.0 = Release|Any CPU
		{90FBA399-A56F-4A42-BFCE-427D55D915F9}.Debug|Any CPU.ActiveCfg = Debug|Any CPU
		{90FBA399-A56F-4A42-BFCE-427D55D915F9}.Debug|Any CPU.Build.0 = Debug|Any CPU
		{90FBA399-A56F-4A42-BFCE-427D55D915F9}.Release|Any CPU.ActiveCfg = Release|Any CPU
		{90FBA399-A56F-4A42-BFCE-427D55D915F9}.Release|Any CPU.Build.0 = Release|Any CPU
		{231ABB6F-D58C-4EBE-86B9-F30B34916CAC}.Debug|Any CPU.ActiveCfg = Debug|Any CPU
		{231ABB6F-D58C-4EBE-86B9-F30B34916CAC}.Debug|Any CPU.Build.0 = Debug|Any CPU
		{231ABB6F-D58C-4EBE-86B9-F30B34916CAC}.Release|Any CPU.ActiveCfg = Release|Any CPU
		{231ABB6F-D58C-4EBE-86B9-F30B34916CAC}.Release|Any CPU.Build.0 = Release|Any CPU
		{7FEF4A3E-F55B-40A7-BBD9-0E29B0E96B3C}.Debug|Any CPU.ActiveCfg = Debug|Any CPU
		{7FEF4A3E-F55B-40A7-BBD9-0E29B0E96B3C}.Debug|Any CPU.Build.0 = Debug|Any CPU
		{7FEF4A3E-F55B-40A7-BBD9-0E29B0E96B3C}.Release|Any CPU.ActiveCfg = Release|Any CPU
		{7FEF4A3E-F55B-40A7-BBD9-0E29B0E96B3C}.Release|Any CPU.Build.0 = Release|Any CPU
		{EDEAAC87-C955-46A7-B239-72074CFE7CBF}.Debug|Any CPU.ActiveCfg = Debug|Any CPU
		{EDEAAC87-C955-46A7-B239-72074CFE7CBF}.Debug|Any CPU.Build.0 = Debug|Any CPU
		{EDEAAC87-C955-46A7-B239-72074CFE7CBF}.Release|Any CPU.ActiveCfg = Release|Any CPU
		{EDEAAC87-C955-46A7-B239-72074CFE7CBF}.Release|Any CPU.Build.0 = Release|Any CPU
	EndGlobalSection
	GlobalSection(SolutionProperties) = preSolution
		HideSolutionNode = FALSE
	EndGlobalSection
	GlobalSection(ExtensibilityGlobals) = postSolution
		SolutionGuid = {67BADBAA-0F5B-4D76-BCC9-6D5C1BA05B02}
	EndGlobalSection
EndGlobal
