
Microsoft Visual Studio Solution File, Format Version 12.00
# Visual Studio Version 16
VisualStudioVersion = 16.0.31911.196
MinimumVisualStudioVersion = 10.0.40219.1
Project("{FAE04EC0-301F-11D3-BF4B-00C04F79EFBC}") = "01. Old Books", "While-Loop-Exercises\01. Old Books.csproj", "{6E5CBAC6-579D-4F1C-9DD4-78B9083F67E3}"
EndProject
Project("{FAE04EC0-301F-11D3-BF4B-00C04F79EFBC}") = "02. ExamPreparation", "02. ExamPreparation\02. ExamPreparation.csproj", "{E3301EB8-455E-45F4-8A83-0D2A08878D90}"
EndProject
Project("{FAE04EC0-301F-11D3-BF4B-00C04F79EFBC}") = "03. Vacation", "03. Vacation\03. Vacation.csproj", "{319A614C-93D1-4360-BB5E-866F497DDE00}"
EndProject
Project("{FAE04EC0-301F-11D3-BF4B-00C04F79EFBC}") = "04. Walking", "04. Walking\04. Walking.csproj", "{8DD5BF39-3DEA-4A19-B80E-95BBF0185873}"
EndProject
Project("{FAE04EC0-301F-11D3-BF4B-00C04F79EFBC}") = "05. Coins", "05. Coins\05. Coins.csproj", "{6BA31AF2-2D4C-4D2B-B088-762D9828B7D0}"
EndProject
Project("{FAE04EC0-301F-11D3-BF4B-00C04F79EFBC}") = "06. Cake", "06. Cake\06. Cake.csproj", "{C2526B5A-C286-4CD3-8A24-5AD708EEB40F}"
EndProject
Project("{FAE04EC0-301F-11D3-BF4B-00C04F79EFBC}") = "07. Moving", "07. Moving\07. Moving.csproj", "{7B4A7FC2-034B-4365-B9AD-33A8DFE8C892}"
EndProject
Global
	GlobalSection(SolutionConfigurationPlatforms) = preSolution
		Debug|Any CPU = Debug|Any CPU
		Release|Any CPU = Release|Any CPU
	EndGlobalSection
	GlobalSection(ProjectConfigurationPlatforms) = postSolution
		{6E5CBAC6-579D-4F1C-9DD4-78B9083F67E3}.Debug|Any CPU.ActiveCfg = Debug|Any CPU
		{6E5CBAC6-579D-4F1C-9DD4-78B9083F67E3}.Debug|Any CPU.Build.0 = Debug|Any CPU
		{6E5CBAC6-579D-4F1C-9DD4-78B9083F67E3}.Release|Any CPU.ActiveCfg = Release|Any CPU
		{6E5CBAC6-579D-4F1C-9DD4-78B9083F67E3}.Release|Any CPU.Build.0 = Release|Any CPU
		{E3301EB8-455E-45F4-8A83-0D2A08878D90}.Debug|Any CPU.ActiveCfg = Debug|Any CPU
		{E3301EB8-455E-45F4-8A83-0D2A08878D90}.Debug|Any CPU.Build.0 = Debug|Any CPU
		{E3301EB8-455E-45F4-8A83-0D2A08878D90}.Release|Any CPU.ActiveCfg = Release|Any CPU
		{E3301EB8-455E-45F4-8A83-0D2A08878D90}.Release|Any CPU.Build.0 = Release|Any CPU
		{319A614C-93D1-4360-BB5E-866F497DDE00}.Debug|Any CPU.ActiveCfg = Debug|Any CPU
		{319A614C-93D1-4360-BB5E-866F497DDE00}.Debug|Any CPU.Build.0 = Debug|Any CPU
		{319A614C-93D1-4360-BB5E-866F497DDE00}.Release|Any CPU.ActiveCfg = Release|Any CPU
		{319A614C-93D1-4360-BB5E-866F497DDE00}.Release|Any CPU.Build.0 = Release|Any CPU
		{8DD5BF39-3DEA-4A19-B80E-95BBF0185873}.Debug|Any CPU.ActiveCfg = Debug|Any CPU
		{8DD5BF39-3DEA-4A19-B80E-95BBF0185873}.Debug|Any CPU.Build.0 = Debug|Any CPU
		{8DD5BF39-3DEA-4A19-B80E-95BBF0185873}.Release|Any CPU.ActiveCfg = Release|Any CPU
		{8DD5BF39-3DEA-4A19-B80E-95BBF0185873}.Release|Any CPU.Build.0 = Release|Any CPU
		{6BA31AF2-2D4C-4D2B-B088-762D9828B7D0}.Debug|Any CPU.ActiveCfg = Debug|Any CPU
		{6BA31AF2-2D4C-4D2B-B088-762D9828B7D0}.Debug|Any CPU.Build.0 = Debug|Any CPU
		{6BA31AF2-2D4C-4D2B-B088-762D9828B7D0}.Release|Any CPU.ActiveCfg = Release|Any CPU
		{6BA31AF2-2D4C-4D2B-B088-762D9828B7D0}.Release|Any CPU.Build.0 = Release|Any CPU
		{C2526B5A-C286-4CD3-8A24-5AD708EEB40F}.Debug|Any CPU.ActiveCfg = Debug|Any CPU
		{C2526B5A-C286-4CD3-8A24-5AD708EEB40F}.Debug|Any CPU.Build.0 = Debug|Any CPU
		{C2526B5A-C286-4CD3-8A24-5AD708EEB40F}.Release|Any CPU.ActiveCfg = Release|Any CPU
		{C2526B5A-C286-4CD3-8A24-5AD708EEB40F}.Release|Any CPU.Build.0 = Release|Any CPU
		{7B4A7FC2-034B-4365-B9AD-33A8DFE8C892}.Debug|Any CPU.ActiveCfg = Debug|Any CPU
		{7B4A7FC2-034B-4365-B9AD-33A8DFE8C892}.Debug|Any CPU.Build.0 = Debug|Any CPU
		{7B4A7FC2-034B-4365-B9AD-33A8DFE8C892}.Release|Any CPU.ActiveCfg = Release|Any CPU
		{7B4A7FC2-034B-4365-B9AD-33A8DFE8C892}.Release|Any CPU.Build.0 = Release|Any CPU
	EndGlobalSection
	GlobalSection(SolutionProperties) = preSolution
		HideSolutionNode = FALSE
	EndGlobalSection
	GlobalSection(ExtensibilityGlobals) = postSolution
		SolutionGuid = {1387ED97-F6D1-473D-B45C-D8A9CD0996BE}
	EndGlobalSection
EndGlobal
