
Microsoft Visual Studio Solution File, Format Version 12.00
# Visual Studio Version 16
VisualStudioVersion = 16.0.31911.196
MinimumVisualStudioVersion = 10.0.40219.1
Project("{9A19103F-16F7-4668-BE54-9A1E7A4F7556}") = "01. Dishwasher", "While-Loop-PB-More Excercises\01. Dishwasher.csproj", "{32AC40CB-4C74-4B05-B60B-0FA9D754A6ED}"
EndProject
Project("{9A19103F-16F7-4668-BE54-9A1E7A4F7556}") = "04. Numbers Divided by 3 Without Reminder", "04. Numbers Divided by 3 Without Reminder\04. Numbers Divided by 3 Without Reminder.csproj", "{65337898-CE7B-4E81-9D73-54354EAFFAA0}"
EndProject
Project("{9A19103F-16F7-4668-BE54-9A1E7A4F7556}") = "05. Average Number", "05. Average Number\05. Average Number.csproj", "{A275394D-59D5-4484-8090-23CBDE758792}"
EndProject
Project("{FAE04EC0-301F-11D3-BF4B-00C04F79EFBC}") = "02. Report System", "02. Report System\02. Report System.csproj", "{E61EF26D-FAD7-4F9D-A054-33C586793D50}"
EndProject
Global
	GlobalSection(SolutionConfigurationPlatforms) = preSolution
		Debug|Any CPU = Debug|Any CPU
		Release|Any CPU = Release|Any CPU
	EndGlobalSection
	GlobalSection(ProjectConfigurationPlatforms) = postSolution
		{32AC40CB-4C74-4B05-B60B-0FA9D754A6ED}.Debug|Any CPU.ActiveCfg = Debug|Any CPU
		{32AC40CB-4C74-4B05-B60B-0FA9D754A6ED}.Debug|Any CPU.Build.0 = Debug|Any CPU
		{32AC40CB-4C74-4B05-B60B-0FA9D754A6ED}.Release|Any CPU.ActiveCfg = Release|Any CPU
		{32AC40CB-4C74-4B05-B60B-0FA9D754A6ED}.Release|Any CPU.Build.0 = Release|Any CPU
		{65337898-CE7B-4E81-9D73-54354EAFFAA0}.Debug|Any CPU.ActiveCfg = Debug|Any CPU
		{65337898-CE7B-4E81-9D73-54354EAFFAA0}.Debug|Any CPU.Build.0 = Debug|Any CPU
		{65337898-CE7B-4E81-9D73-54354EAFFAA0}.Release|Any CPU.ActiveCfg = Release|Any CPU
		{65337898-CE7B-4E81-9D73-54354EAFFAA0}.Release|Any CPU.Build.0 = Release|Any CPU
		{A275394D-59D5-4484-8090-23CBDE758792}.Debug|Any CPU.ActiveCfg = Debug|Any CPU
		{A275394D-59D5-4484-8090-23CBDE758792}.Debug|Any CPU.Build.0 = Debug|Any CPU
		{A275394D-59D5-4484-8090-23CBDE758792}.Release|Any CPU.ActiveCfg = Release|Any CPU
		{A275394D-59D5-4484-8090-23CBDE758792}.Release|Any CPU.Build.0 = Release|Any CPU
		{E61EF26D-FAD7-4F9D-A054-33C586793D50}.Debug|Any CPU.ActiveCfg = Debug|Any CPU
		{E61EF26D-FAD7-4F9D-A054-33C586793D50}.Debug|Any CPU.Build.0 = Debug|Any CPU
		{E61EF26D-FAD7-4F9D-A054-33C586793D50}.Release|Any CPU.ActiveCfg = Release|Any CPU
		{E61EF26D-FAD7-4F9D-A054-33C586793D50}.Release|Any CPU.Build.0 = Release|Any CPU
	EndGlobalSection
	GlobalSection(SolutionProperties) = preSolution
		HideSolutionNode = FALSE
	EndGlobalSection
	GlobalSection(ExtensibilityGlobals) = postSolution
		SolutionGuid = {58DB9F3F-AF06-4AFC-87E0-2C7BEC8BA5AA}
	EndGlobalSection
EndGlobal
