
Microsoft Visual Studio Solution File, Format Version 12.00
# Visual Studio Version 16
VisualStudioVersion = 16.0.31911.196
MinimumVisualStudioVersion = 10.0.40219.1
Project("{9A19103F-16F7-4668-BE54-9A1E7A4F7556}") = "01. FruitMarket", "Exam 2\01. FruitMarket.csproj", "{40A46C14-0F3C-44FA-9FB5-8FA4582473BC}"
EndProject
Project("{9A19103F-16F7-4668-BE54-9A1E7A4F7556}") = "02. PoolDay", "02. PoolDay\02. PoolDay.csproj", "{59034871-C471-4F1B-A10C-B880B1D144E1}"
EndProject
Project("{9A19103F-16F7-4668-BE54-9A1E7A4F7556}") = "04", "04\04.csproj", "{DB4DF403-FBCA-40CC-AA2B-C91B5D2DDED8}"
EndProject
Project("{9A19103F-16F7-4668-BE54-9A1E7A4F7556}") = "05", "05\05.csproj", "{D4627AD9-2D4F-431E-AAF9-E27751FD4CC4}"
EndProject
Project("{FAE04EC0-301F-11D3-BF4B-00C04F79EFBC}") = "03", "03\03.csproj", "{2BFCF911-91DB-4464-A53E-E6C64653D362}"
EndProject
Project("{FAE04EC0-301F-11D3-BF4B-00C04F79EFBC}") = "ConsoleApp1", "ConsoleApp1\ConsoleApp1.csproj", "{F3102436-729A-4B83-B3ED-B4F571F25FEB}"
EndProject
Global
	GlobalSection(SolutionConfigurationPlatforms) = preSolution
		Debug|Any CPU = Debug|Any CPU
		Release|Any CPU = Release|Any CPU
	EndGlobalSection
	GlobalSection(ProjectConfigurationPlatforms) = postSolution
		{40A46C14-0F3C-44FA-9FB5-8FA4582473BC}.Debug|Any CPU.ActiveCfg = Debug|Any CPU
		{40A46C14-0F3C-44FA-9FB5-8FA4582473BC}.Debug|Any CPU.Build.0 = Debug|Any CPU
		{40A46C14-0F3C-44FA-9FB5-8FA4582473BC}.Release|Any CPU.ActiveCfg = Release|Any CPU
		{40A46C14-0F3C-44FA-9FB5-8FA4582473BC}.Release|Any CPU.Build.0 = Release|Any CPU
		{59034871-C471-4F1B-A10C-B880B1D144E1}.Debug|Any CPU.ActiveCfg = Debug|Any CPU
		{59034871-C471-4F1B-A10C-B880B1D144E1}.Debug|Any CPU.Build.0 = Debug|Any CPU
		{59034871-C471-4F1B-A10C-B880B1D144E1}.Release|Any CPU.ActiveCfg = Release|Any CPU
		{59034871-C471-4F1B-A10C-B880B1D144E1}.Release|Any CPU.Build.0 = Release|Any CPU
		{DB4DF403-FBCA-40CC-AA2B-C91B5D2DDED8}.Debug|Any CPU.ActiveCfg = Debug|Any CPU
		{DB4DF403-FBCA-40CC-AA2B-C91B5D2DDED8}.Debug|Any CPU.Build.0 = Debug|Any CPU
		{DB4DF403-FBCA-40CC-AA2B-C91B5D2DDED8}.Release|Any CPU.ActiveCfg = Release|Any CPU
		{DB4DF403-FBCA-40CC-AA2B-C91B5D2DDED8}.Release|Any CPU.Build.0 = Release|Any CPU
		{D4627AD9-2D4F-431E-AAF9-E27751FD4CC4}.Debug|Any CPU.ActiveCfg = Debug|Any CPU
		{D4627AD9-2D4F-431E-AAF9-E27751FD4CC4}.Debug|Any CPU.Build.0 = Debug|Any CPU
		{D4627AD9-2D4F-431E-AAF9-E27751FD4CC4}.Release|Any CPU.ActiveCfg = Release|Any CPU
		{D4627AD9-2D4F-431E-AAF9-E27751FD4CC4}.Release|Any CPU.Build.0 = Release|Any CPU
		{2BFCF911-91DB-4464-A53E-E6C64653D362}.Debug|Any CPU.ActiveCfg = Debug|Any CPU
		{2BFCF911-91DB-4464-A53E-E6C64653D362}.Debug|Any CPU.Build.0 = Debug|Any CPU
		{2BFCF911-91DB-4464-A53E-E6C64653D362}.Release|Any CPU.ActiveCfg = Release|Any CPU
		{2BFCF911-91DB-4464-A53E-E6C64653D362}.Release|Any CPU.Build.0 = Release|Any CPU
		{F3102436-729A-4B83-B3ED-B4F571F25FEB}.Debug|Any CPU.ActiveCfg = Debug|Any CPU
		{F3102436-729A-4B83-B3ED-B4F571F25FEB}.Debug|Any CPU.Build.0 = Debug|Any CPU
		{F3102436-729A-4B83-B3ED-B4F571F25FEB}.Release|Any CPU.ActiveCfg = Release|Any CPU
		{F3102436-729A-4B83-B3ED-B4F571F25FEB}.Release|Any CPU.Build.0 = Release|Any CPU
	EndGlobalSection
	GlobalSection(SolutionProperties) = preSolution
		HideSolutionNode = FALSE
	EndGlobalSection
	GlobalSection(ExtensibilityGlobals) = postSolution
		SolutionGuid = {357C7D7B-CE9B-4D68-A5B4-BE2B3A1E8D8D}
	EndGlobalSection
EndGlobal
