
Microsoft Visual Studio Solution File, Format Version 12.00
# Visual Studio Version 16
VisualStudioVersion = 16.0.31911.196
MinimumVisualStudioVersion = 10.0.40219.1
Project("{FAE04EC0-301F-11D3-BF4B-00C04F79EFBC}") = "01. Clock", "NestedLoops-Lab\01. Clock.csproj", "{9A012494-9EE6-409A-A8A1-8F4E464991B9}"
EndProject
Project("{FAE04EC0-301F-11D3-BF4B-00C04F79EFBC}") = "02. Multiplication Table", "02. Multiplication Table\02. Multiplication Table.csproj", "{0CD51290-EE25-449D-AE23-47886D1E1123}"
EndProject
Project("{FAE04EC0-301F-11D3-BF4B-00C04F79EFBC}") = "03. Combinations", "03. Combinations\03. Combinations.csproj", "{8AFFB9D3-1CFF-4D03-AC00-3959073F926D}"
EndProject
Project("{FAE04EC0-301F-11D3-BF4B-00C04F79EFBC}") = "04. Sum of Two Numbers", "04. Sum of Two Numbers\04. Sum of Two Numbers.csproj", "{695A5F01-CB5D-48EA-A68B-1CB8FD90306C}"
EndProject
Project("{FAE04EC0-301F-11D3-BF4B-00C04F79EFBC}") = "05. Travelling", "05. Travelling\05. Travelling.csproj", "{619C143F-425F-4756-B08F-BEF9C4820998}"
EndProject
Project("{FAE04EC0-301F-11D3-BF4B-00C04F79EFBC}") = "06. Building", "06. Building\06. Building.csproj", "{45967C42-1A98-4568-8FCA-88C1CA6AFC10}"
EndProject
Global
	GlobalSection(SolutionConfigurationPlatforms) = preSolution
		Debug|Any CPU = Debug|Any CPU
		Release|Any CPU = Release|Any CPU
	EndGlobalSection
	GlobalSection(ProjectConfigurationPlatforms) = postSolution
		{9A012494-9EE6-409A-A8A1-8F4E464991B9}.Debug|Any CPU.ActiveCfg = Debug|Any CPU
		{9A012494-9EE6-409A-A8A1-8F4E464991B9}.Debug|Any CPU.Build.0 = Debug|Any CPU
		{9A012494-9EE6-409A-A8A1-8F4E464991B9}.Release|Any CPU.ActiveCfg = Release|Any CPU
		{9A012494-9EE6-409A-A8A1-8F4E464991B9}.Release|Any CPU.Build.0 = Release|Any CPU
		{0CD51290-EE25-449D-AE23-47886D1E1123}.Debug|Any CPU.ActiveCfg = Debug|Any CPU
		{0CD51290-EE25-449D-AE23-47886D1E1123}.Debug|Any CPU.Build.0 = Debug|Any CPU
		{0CD51290-EE25-449D-AE23-47886D1E1123}.Release|Any CPU.ActiveCfg = Release|Any CPU
		{0CD51290-EE25-449D-AE23-47886D1E1123}.Release|Any CPU.Build.0 = Release|Any CPU
		{8AFFB9D3-1CFF-4D03-AC00-3959073F926D}.Debug|Any CPU.ActiveCfg = Debug|Any CPU
		{8AFFB9D3-1CFF-4D03-AC00-3959073F926D}.Debug|Any CPU.Build.0 = Debug|Any CPU
		{8AFFB9D3-1CFF-4D03-AC00-3959073F926D}.Release|Any CPU.ActiveCfg = Release|Any CPU
		{8AFFB9D3-1CFF-4D03-AC00-3959073F926D}.Release|Any CPU.Build.0 = Release|Any CPU
		{695A5F01-CB5D-48EA-A68B-1CB8FD90306C}.Debug|Any CPU.ActiveCfg = Debug|Any CPU
		{695A5F01-CB5D-48EA-A68B-1CB8FD90306C}.Debug|Any CPU.Build.0 = Debug|Any CPU
		{695A5F01-CB5D-48EA-A68B-1CB8FD90306C}.Release|Any CPU.ActiveCfg = Release|Any CPU
		{695A5F01-CB5D-48EA-A68B-1CB8FD90306C}.Release|Any CPU.Build.0 = Release|Any CPU
		{619C143F-425F-4756-B08F-BEF9C4820998}.Debug|Any CPU.ActiveCfg = Debug|Any CPU
		{619C143F-425F-4756-B08F-BEF9C4820998}.Debug|Any CPU.Build.0 = Debug|Any CPU
		{619C143F-425F-4756-B08F-BEF9C4820998}.Release|Any CPU.ActiveCfg = Release|Any CPU
		{619C143F-425F-4756-B08F-BEF9C4820998}.Release|Any CPU.Build.0 = Release|Any CPU
		{45967C42-1A98-4568-8FCA-88C1CA6AFC10}.Debug|Any CPU.ActiveCfg = Debug|Any CPU
		{45967C42-1A98-4568-8FCA-88C1CA6AFC10}.Debug|Any CPU.Build.0 = Debug|Any CPU
		{45967C42-1A98-4568-8FCA-88C1CA6AFC10}.Release|Any CPU.ActiveCfg = Release|Any CPU
		{45967C42-1A98-4568-8FCA-88C1CA6AFC10}.Release|Any CPU.Build.0 = Release|Any CPU
	EndGlobalSection
	GlobalSection(SolutionProperties) = preSolution
		HideSolutionNode = FALSE
	EndGlobalSection
	GlobalSection(ExtensibilityGlobals) = postSolution
		SolutionGuid = {88E2DEB3-5FAF-41C0-9A4B-BEDFA1B1DAF4}
	EndGlobalSection
EndGlobal
